
Microsoft Visual Studio Solution File, Format Version 12.00
# Visual Studio Version 17
VisualStudioVersion = 17.10.34916.146
MinimumVisualStudioVersion = 10.0.40219.1
Project("{FAE04EC0-301F-11D3-BF4B-00C04F79EFBC}") = "Modul_2", "Modul_2.csproj", "{4A8A8EAC-F7F9-449E-964C-24AA4A5B55A1}"
EndProject
Project("{FAE04EC0-301F-11D3-BF4B-00C04F79EFBC}") = "models", "..\models\models.csproj", "{5781C396-1A48-4B32-BACB-CAA108F4A944}"
EndProject
Global
	GlobalSection(SolutionConfigurationPlatforms) = preSolution
		Debug|Any CPU = Debug|Any CPU
		Release|Any CPU = Release|Any CPU
	EndGlobalSection
	GlobalSection(ProjectConfigurationPlatforms) = postSolution
		{4A8A8EAC-F7F9-449E-964C-24AA4A5B55A1}.Debug|Any CPU.ActiveCfg = Debug|Any CPU
		{4A8A8EAC-F7F9-449E-964C-24AA4A5B55A1}.Debug|Any CPU.Build.0 = Debug|Any CPU
		{4A8A8EAC-F7F9-449E-964C-24AA4A5B55A1}.Release|Any CPU.ActiveCfg = Release|Any CPU
		{4A8A8EAC-F7F9-449E-964C-24AA4A5B55A1}.Release|Any CPU.Build.0 = Release|Any CPU
		{5781C396-1A48-4B32-BACB-CAA108F4A944}.Debug|Any CPU.ActiveCfg = Debug|Any CPU
		{5781C396-1A48-4B32-BACB-CAA108F4A944}.Debug|Any CPU.Build.0 = Debug|Any CPU
		{5781C396-1A48-4B32-BACB-CAA108F4A944}.Release|Any CPU.ActiveCfg = Release|Any CPU
		{5781C396-1A48-4B32-BACB-CAA108F4A944}.Release|Any CPU.Build.0 = Release|Any CPU
	EndGlobalSection
	GlobalSection(SolutionProperties) = preSolution
		HideSolutionNode = FALSE
	EndGlobalSection
	GlobalSection(ExtensibilityGlobals) = postSolution
		SolutionGuid = {17B7B398-38E0-4653-B6C4-9459D5152DB3}
	EndGlobalSection
EndGlobal
